
Microsoft Visual Studio Solution File, Format Version 12.00
# Visual Studio Version 16
VisualStudioVersion = 16.0.32413.511
MinimumVisualStudioVersion = 10.0.40219.1
Project("{FAE04EC0-301F-11D3-BF4B-00C04F79EFBC}") = "Variables and Data Types", "Variables and Data Types\Variables and Data Types.csproj", "{E3BD567F-9F0C-4210-9F57-C71EFE5F61B5}"
EndProject
Global
	GlobalSection(SolutionConfigurationPlatforms) = preSolution
		Debug|Any CPU = Debug|Any CPU
		Release|Any CPU = Release|Any CPU
	EndGlobalSection
	GlobalSection(ProjectConfigurationPlatforms) = postSolution
		{E3BD567F-9F0C-4210-9F57-C71EFE5F61B5}.Debug|Any CPU.ActiveCfg = Debug|Any CPU
		{E3BD567F-9F0C-4210-9F57-C71EFE5F61B5}.Debug|Any CPU.Build.0 = Debug|Any CPU
		{E3BD567F-9F0C-4210-9F57-C71EFE5F61B5}.Release|Any CPU.ActiveCfg = Release|Any CPU
		{E3BD567F-9F0C-4210-9F57-C71EFE5F61B5}.Release|Any CPU.Build.0 = Release|Any CPU
	EndGlobalSection
	GlobalSection(SolutionProperties) = preSolution
		HideSolutionNode = FALSE
	EndGlobalSection
	GlobalSection(ExtensibilityGlobals) = postSolution
		SolutionGuid = {6A26B0A9-DEA1-4981-9777-0E7CC20AE4DA}
	EndGlobalSection
EndGlobal
