
Microsoft Visual Studio Solution File, Format Version 12.00
# Visual Studio Version 16
VisualStudioVersion = 16.0.32413.511
MinimumVisualStudioVersion = 10.0.40219.1
Project("{FAE04EC0-301F-11D3-BF4B-00C04F79EFBC}") = "ReverseString", "ReverseString.csproj", "{F3837E2E-0914-4B93-8B8C-6726162014B1}"
EndProject
Global
	GlobalSection(SolutionConfigurationPlatforms) = preSolution
		Debug|Any CPU = Debug|Any CPU
		Release|Any CPU = Release|Any CPU
	EndGlobalSection
	GlobalSection(ProjectConfigurationPlatforms) = postSolution
		{F3837E2E-0914-4B93-8B8C-6726162014B1}.Debug|Any CPU.ActiveCfg = Debug|Any CPU
		{F3837E2E-0914-4B93-8B8C-6726162014B1}.Debug|Any CPU.Build.0 = Debug|Any CPU
		{F3837E2E-0914-4B93-8B8C-6726162014B1}.Release|Any CPU.ActiveCfg = Release|Any CPU
		{F3837E2E-0914-4B93-8B8C-6726162014B1}.Release|Any CPU.Build.0 = Release|Any CPU
	EndGlobalSection
	GlobalSection(SolutionProperties) = preSolution
		HideSolutionNode = FALSE
	EndGlobalSection
	GlobalSection(ExtensibilityGlobals) = postSolution
		SolutionGuid = {55A355D4-1C49-403D-9F5B-376A7BAE7D25}
	EndGlobalSection
EndGlobal
