
Microsoft Visual Studio Solution File, Format Version 12.00
# Visual Studio Version 16
VisualStudioVersion = 16.0.32413.511
MinimumVisualStudioVersion = 10.0.40219.1
Project("{FAE04EC0-301F-11D3-BF4B-00C04F79EFBC}") = "TelephoneDirectory", "TelephoneDirectory.csproj", "{A8F67D54-24AF-4089-A250-D6F5E9C30BDB}"
EndProject
Global
	GlobalSection(SolutionConfigurationPlatforms) = preSolution
		Debug|Any CPU = Debug|Any CPU
		Release|Any CPU = Release|Any CPU
	EndGlobalSection
	GlobalSection(ProjectConfigurationPlatforms) = postSolution
		{A8F67D54-24AF-4089-A250-D6F5E9C30BDB}.Debug|Any CPU.ActiveCfg = Debug|Any CPU
		{A8F67D54-24AF-4089-A250-D6F5E9C30BDB}.Debug|Any CPU.Build.0 = Debug|Any CPU
		{A8F67D54-24AF-4089-A250-D6F5E9C30BDB}.Release|Any CPU.ActiveCfg = Release|Any CPU
		{A8F67D54-24AF-4089-A250-D6F5E9C30BDB}.Release|Any CPU.Build.0 = Release|Any CPU
	EndGlobalSection
	GlobalSection(SolutionProperties) = preSolution
		HideSolutionNode = FALSE
	EndGlobalSection
	GlobalSection(ExtensibilityGlobals) = postSolution
		SolutionGuid = {1E2969E0-63EE-4AAA-ABE4-E10B79117DE7}
	EndGlobalSection
EndGlobal
