
Microsoft Visual Studio Solution File, Format Version 12.00
# Visual Studio Version 17
VisualStudioVersion = 17.4.33122.133
MinimumVisualStudioVersion = 10.0.40219.1
Project("{FAE04EC0-301F-11D3-BF4B-00C04F79EFBC}") = "Algorithm", "Algorithm\Algorithm.csproj", "{509E76F0-318F-4264-B1BF-942130C2630D}"
EndProject
Global
	GlobalSection(SolutionConfigurationPlatforms) = preSolution
		Debug|Any CPU = Debug|Any CPU
		Release|Any CPU = Release|Any CPU
	EndGlobalSection
	GlobalSection(ProjectConfigurationPlatforms) = postSolution
		{509E76F0-318F-4264-B1BF-942130C2630D}.Debug|Any CPU.ActiveCfg = Debug|Any CPU
		{509E76F0-318F-4264-B1BF-942130C2630D}.Debug|Any CPU.Build.0 = Debug|Any CPU
		{509E76F0-318F-4264-B1BF-942130C2630D}.Release|Any CPU.ActiveCfg = Release|Any CPU
		{509E76F0-318F-4264-B1BF-942130C2630D}.Release|Any CPU.Build.0 = Release|Any CPU
	EndGlobalSection
	GlobalSection(SolutionProperties) = preSolution
		HideSolutionNode = FALSE
	EndGlobalSection
	GlobalSection(ExtensibilityGlobals) = postSolution
		SolutionGuid = {BA93B616-C7F9-462D-81A1-77783841AEF0}
	EndGlobalSection
EndGlobal
