
Microsoft Visual Studio Solution File, Format Version 12.00
# Visual Studio Version 17
VisualStudioVersion = 17.7.34202.233
MinimumVisualStudioVersion = 10.0.40219.1
Project("{FAE04EC0-301F-11D3-BF4B-00C04F79EFBC}") = "AdoNetDemo", "AdoNetDemo\AdoNetDemo.csproj", "{5514194E-7A06-47B1-B9B9-34C1ECDC5FB3}"
EndProject
Project("{FAE04EC0-301F-11D3-BF4B-00C04F79EFBC}") = "EntityFrameworkDemo", "EntityFrameworkDemo\EntityFrameworkDemo.csproj", "{EC83EAAB-3A53-4375-AAC4-C89427FA1555}"
EndProject
Global
	GlobalSection(SolutionConfigurationPlatforms) = preSolution
		Debug|Any CPU = Debug|Any CPU
		Release|Any CPU = Release|Any CPU
	EndGlobalSection
	GlobalSection(ProjectConfigurationPlatforms) = postSolution
		{5514194E-7A06-47B1-B9B9-34C1ECDC5FB3}.Debug|Any CPU.ActiveCfg = Debug|Any CPU
		{5514194E-7A06-47B1-B9B9-34C1ECDC5FB3}.Debug|Any CPU.Build.0 = Debug|Any CPU
		{5514194E-7A06-47B1-B9B9-34C1ECDC5FB3}.Release|Any CPU.ActiveCfg = Release|Any CPU
		{5514194E-7A06-47B1-B9B9-34C1ECDC5FB3}.Release|Any CPU.Build.0 = Release|Any CPU
		{EC83EAAB-3A53-4375-AAC4-C89427FA1555}.Debug|Any CPU.ActiveCfg = Debug|Any CPU
		{EC83EAAB-3A53-4375-AAC4-C89427FA1555}.Debug|Any CPU.Build.0 = Debug|Any CPU
		{EC83EAAB-3A53-4375-AAC4-C89427FA1555}.Release|Any CPU.ActiveCfg = Release|Any CPU
		{EC83EAAB-3A53-4375-AAC4-C89427FA1555}.Release|Any CPU.Build.0 = Release|Any CPU
	EndGlobalSection
	GlobalSection(SolutionProperties) = preSolution
		HideSolutionNode = FALSE
	EndGlobalSection
	GlobalSection(ExtensibilityGlobals) = postSolution
		SolutionGuid = {1622A470-E317-405F-BF6E-B28EEA0CE6C7}
	EndGlobalSection
EndGlobal
