
Microsoft Visual Studio Solution File, Format Version 12.00
# Visual Studio Version 17
VisualStudioVersion = 17.4.33122.133
MinimumVisualStudioVersion = 10.0.40219.1
Project("{FAE04EC0-301F-11D3-BF4B-00C04F79EFBC}") = "IntSum", "IntSum\IntSum.csproj", "{62426092-38E3-4116-9903-9BA6823AB5A0}"
EndProject
Global
	GlobalSection(SolutionConfigurationPlatforms) = preSolution
		Debug|Any CPU = Debug|Any CPU
		Release|Any CPU = Release|Any CPU
	EndGlobalSection
	GlobalSection(ProjectConfigurationPlatforms) = postSolution
		{62426092-38E3-4116-9903-9BA6823AB5A0}.Debug|Any CPU.ActiveCfg = Debug|Any CPU
		{62426092-38E3-4116-9903-9BA6823AB5A0}.Debug|Any CPU.Build.0 = Debug|Any CPU
		{62426092-38E3-4116-9903-9BA6823AB5A0}.Release|Any CPU.ActiveCfg = Release|Any CPU
		{62426092-38E3-4116-9903-9BA6823AB5A0}.Release|Any CPU.Build.0 = Release|Any CPU
	EndGlobalSection
	GlobalSection(SolutionProperties) = preSolution
		HideSolutionNode = FALSE
	EndGlobalSection
	GlobalSection(ExtensibilityGlobals) = postSolution
		SolutionGuid = {7067944A-8098-47AC-83B8-9CE511B2C057}
	EndGlobalSection
EndGlobal
